{
  "name": "docs-site-build-tools",
  "lockfileVersion": 3,
  "requires": true,
  "packages": {
    "": {
      "name": "docs-site-build-tools",
      "dependencies": {
        "pnpm": "12.9.0"
      }
    },
    "node_modules/@pnpm/exe.android-arm64": {
      "version": "12.9.0",
      "resolved": "https://registry.npmjs.org/@pnpm/exe.android-arm64/-/exe.android-arm64-12.9.0.tgz",
      "integrity": "sha512-/53fHFwP1mBYQjli6h3LBZsocAMjrEY6hCDiomIwdLIFbtxHrWucPg/s8ozOG3K6Qt8yEA78v7fCcNrgZKTlEQ==",
      "cpu": [
        "arm64"
      ],
      "license": "MIT",
      "optional": true,
      "os": [
        "android"
      ]
    },
    "node_modules/@pnpm/exe.android-x64": {
      "version": "12.9.0",
      "resolved": "https://registry.npmjs.org/@pnpm/exe.android-x64/-/exe.android-x64-12.9.0.tgz",
      "integrity": "sha512-QI+Md3q3Df0WbDGpqciRw9ge0r7CGbxSlP3HcyIf34/YdZsbmUTl416oWOe3RrkZpVVVCA20f8B9esYrITpArA==",
      "cpu": [
        "x64"
      ],
      "license": "MIT",
      "optional": true,
      "os": [
        "android"
      ]
    },
    "node_modules/@pnpm/exe.darwin-arm64": {
      "version": "12.9.0",
      "resolved": "https://registry.npmjs.org/@pnpm/exe.darwin-arm64/-/exe.darwin-arm64-12.9.0.tgz",
      "integrity": "sha512-mWr7fGPYJ12GuvU/q0SyJfj7X/9Eqa5dA6cc+yUUAKRdYEcqW4lQcsDd1ArfxJNSDYooz9X+UhFeVxKO9e/xDA==",
      "cpu": [
        "arm64"
      ],
      "license": "MIT",
      "optional": true,
      "os": [
        "darwin"
      ]
    },
    "node_modules/@pnpm/exe.darwin-x64": {
      "version": "12.9.0",
      "resolved": "https://registry.npmjs.org/@pnpm/exe.darwin-x64/-/exe.darwin-x64-12.9.0.tgz",
      "integrity": "sha512-fr4ns4FyMLptdYbWqW3yc/yvbfQP7D1RBCFUJpSPr7tOzd3JxZvl+Tkvg65kEAGU5wXI6vl3eCOofumEj/n3Gw==",
      "cpu": [
        "x64"
      ],
      "license": "MIT",
      "optional": true,
      "os": [
        "darwin"
      ]
    },
    "node_modules/@pnpm/exe.freebsd-x64": {
      "version": "12.9.0",
      "resolved": "https://registry.npmjs.org/@pnpm/exe.freebsd-x64/-/exe.freebsd-x64-12.9.0.tgz",
      "integrity": "sha512-4+hZPeJzSSw1oOrfUg+v4QylHv6qKhdgcCnKt9ooryE79p1Z9oyozVJ5em+g6ajbvv6jlH+epnht8/s9Cp5M3Q==",
      "cpu": [
        "x64"
      ],
      "license": "MIT",
      "optional": true,
      "os": [
        "freebsd"
      ]
    },
    "node_modules/@pnpm/exe.linux-arm64": {
      "version": "12.9.0",
      "resolved": "https://registry.npmjs.org/@pnpm/exe.linux-arm64/-/exe.linux-arm64-12.9.0.tgz",
      "integrity": "sha512-U1mBoG27+J/HuWYtVZOQrvbiKnTlDsDVzyroKQqHsJaTHTXi0H5Y+fU1GjUyMcNG5r/EXtbhp9iAwQt64uXTxQ==",
      "cpu": [
        "arm64"
      ],
      "libc": [
        "glibc"
      ],
      "license": "MIT",
      "optional": true,
      "os": [
        "linux"
      ]
    },
    "node_modules/@pnpm/exe.linux-arm64-musl": {
      "version": "12.9.0",
      "resolved": "https://registry.npmjs.org/@pnpm/exe.linux-arm64-musl/-/exe.linux-arm64-musl-12.9.0.tgz",
      "integrity": "sha512-+mHQSbA6M6W71PyV0IxYu2T43lZA8rAhlw4Gy7EMlyiv8H2GWJAXtUXl2huw7tnsar2AhCRlPn/ZvUv+/mIBkA==",
      "cpu": [
        "arm64"
      ],
      "libc": [
        "musl"
      ],
      "license": "MIT",
      "optional": true,
      "os": [
        "linux"
      ]
    },
    "node_modules/@pnpm/exe.linux-ppc64": {
      "version": "12.9.0",
      "resolved": "https://registry.npmjs.org/@pnpm/exe.linux-ppc64/-/exe.linux-ppc64-12.9.0.tgz",
      "integrity": "sha512-P5bgei3i6wjlKq6s4PNg/0cvik354upY2wW3YGSfweYTABnAZP2zGzgMc0eO5SHTz934Cbya8Z0YFRdw6MfmCg==",
      "cpu": [
        "ppc64"
      ],
      "libc": [
        "glibc"
      ],
      "license": "MIT",
      "optional": true,
      "os": [
        "linux"
      ]
    },
    "node_modules/@pnpm/exe.linux-riscv64": {
      "version": "12.9.0",
      "resolved": "https://registry.npmjs.org/@pnpm/exe.linux-riscv64/-/exe.linux-riscv64-12.9.0.tgz",
      "integrity": "sha512-oNx2uOo2gVrRckEvz7V+FKeq9HOF0rKNHcCyxRRHSXEXpmP6ZMMgJ+iU/m/zfSGp6bAcC5mvAE270FhAeIeKhA==",
      "cpu": [
        "riscv64"
      ],
      "libc": [
        "glibc"
      ],
      "license": "MIT",
      "optional": true,
      "os": [
        "linux"
      ]
    },
    "node_modules/@pnpm/exe.linux-s390x": {
      "version": "12.9.0",
      "resolved": "https://registry.npmjs.org/@pnpm/exe.linux-s390x/-/exe.linux-s390x-12.9.0.tgz",
      "integrity": "sha512-OChHS7hOlqdBMtZqjIB1QoZGNfzLPSsvTa2kYanf3qso5Q+KgnROQ+uV4a0wRGC6sdshSA63+Ui8MCylRy6iwA==",
      "cpu": [
        "s390x"
      ],
      "libc": [
        "glibc"
      ],
      "license": "MIT",
      "optional": true,
      "os": [
        "linux"
      ]
    },
    "node_modules/@pnpm/exe.linux-x64": {
      "version": "12.9.0",
      "resolved": "https://registry.npmjs.org/@pnpm/exe.linux-x64/-/exe.linux-x64-12.9.0.tgz",
      "integrity": "sha512-ElANYUwQuMfWqMJR4m5L5h9zKjvGKcA8hi2put4J1DMx2smVaNGkGnxkgeIYgMjmF7UFxlZDcL4jItkScgsW4A==",
      "cpu": [
        "x64"
      ],
      "libc": [
        "glibc"
      ],
      "license": "MIT",
      "optional": true,
      "os": [
        "linux"
      ]
    },
    "node_modules/@pnpm/exe.linux-x64-musl": {
      "version": "12.9.0",
      "resolved": "https://registry.npmjs.org/@pnpm/exe.linux-x64-musl/-/exe.linux-x64-musl-12.9.0.tgz",
      "integrity": "sha512-ubZPsDMXS+LEnPa7wZD18E+KTpOAZPt+ms/khfIROt+6Cp0A2kayQA8aIsvV7+jGZD0xoknvaGN/P3v9OisZUg==",
      "cpu": [
        "x64"
      ],
      "libc": [
        "musl"
      ],
      "license": "MIT",
      "optional": true,
      "os": [
        "linux"
      ]
    },
    "node_modules/@pnpm/exe.win32-arm64": {
      "version": "12.9.0",
      "resolved": "https://registry.npmjs.org/@pnpm/exe.win32-arm64/-/exe.win32-arm64-12.9.0.tgz",
      "integrity": "sha512-cqnBKZg5e9fFghmYtgJLyZOAsS1EyLeDVJ0qNsjR7hcc+dq1mWRiDo0erqdj2PGoYaVogyF9WejZSJoKvlfXDw==",
      "cpu": [
        "arm64"
      ],
      "license": "MIT",
      "optional": true,
      "os": [
        "win32"
      ]
    },
    "node_modules/@pnpm/exe.win32-x64": {
      "version": "12.9.0",
      "resolved": "https://registry.npmjs.org/@pnpm/exe.win32-x64/-/exe.win32-x64-12.9.0.tgz",
      "integrity": "sha512-khqst6QGgHdKs2lEmz0N75qN/EoOcEywNQlRPfBrBrq1SytHra6ro/xViueJkVvDOz9gEO8oYcXTdZeAjErjMg==",
      "cpu": [
        "x64"
      ],
      "license": "MIT",
      "optional": true,
      "os": [
        "win32"
      ]
    },
    "node_modules/pnpm": {
      "version": "12.9.0",
      "resolved": "https://registry.npmjs.org/pnpm/-/pnpm-12.9.0.tgz",
      "integrity": "sha512-j2TvoLeSmGypiuVoeRvNdyKAfidMTwwdmFPGIRZJXFhBGduYdioqU0OxaE02G5rib90W1VFmbXY1NG0/roMN3Q==",
      "hasInstallScript": true,
      "license": "MIT",
      "bin": {
        "pn": "pn",
        "pnpm": "pnpm",
        "pnpx": "pnpx",
        "pnx": "pnx"
      },
      "engines": {
        "node": ">=18.*"
      },
      "optionalDependencies": {
        "@pnpm/exe.android-arm64": "12.9.0",
        "@pnpm/exe.android-x64": "12.9.0",
        "@pnpm/exe.darwin-arm64": "12.9.0",
        "@pnpm/exe.darwin-x64": "12.9.0",
        "@pnpm/exe.freebsd-x64": "12.9.0",
        "@pnpm/exe.linux-arm64": "12.9.0",
        "@pnpm/exe.linux-arm64-musl": "12.9.0",
        "@pnpm/exe.linux-ppc64": "12.9.0",
        "@pnpm/exe.linux-riscv64": "12.9.0",
        "@pnpm/exe.linux-s390x": "12.9.0",
        "@pnpm/exe.linux-x64": "12.9.0",
        "@pnpm/exe.linux-x64-musl": "12.9.0",
        "@pnpm/exe.win32-arm64": "12.9.0",
        "@pnpm/exe.win32-x64": "12.9.0"
      }
    }
  }
}
